
Microsoft Visual Studio Solution File, Format Version 12.00
# Visual Studio Version 16
VisualStudioVersion = 16.0.30907.101
MinimumVisualStudioVersion = 10.0.40219.1
Project("{9A19103F-16F7-4668-BE54-9A1E7A4F7556}") = "MagicDb.Core", "MagicDb.Core\MagicDb.Core.csproj", "{35005022-0A8B-483B-8FE1-F18BB0EDB538}"
EndProject
Project("{FAE04EC0-301F-11D3-BF4B-00C04F79EFBC}") = "MagicDb.UnitTests", "MagicDb.UnitTests\MagicDb.UnitTests.csproj", "{C6B9239D-75DB-487F-AFCF-E493E58C0FBE}"
EndProject
Global
	GlobalSection(SolutionConfigurationPlatforms) = preSolution
		Debug|Any CPU = Debug|Any CPU
		Release|Any CPU = Release|Any CPU
	EndGlobalSection
	GlobalSection(ProjectConfigurationPlatforms) = postSolution
		{35005022-0A8B-483B-8FE1-F18BB0EDB538}.Debug|Any CPU.ActiveCfg = Debug|Any CPU
		{35005022-0A8B-483B-8FE1-F18BB0EDB538}.Debug|Any CPU.Build.0 = Debug|Any CPU
		{35005022-0A8B-483B-8FE1-F18BB0EDB538}.Release|Any CPU.ActiveCfg = Release|Any CPU
		{35005022-0A8B-483B-8FE1-F18BB0EDB538}.Release|Any CPU.Build.0 = Release|Any CPU
		{C6B9239D-75DB-487F-AFCF-E493E58C0FBE}.Debug|Any CPU.ActiveCfg = Debug|Any CPU
		{C6B9239D-75DB-487F-AFCF-E493E58C0FBE}.Debug|Any CPU.Build.0 = Debug|Any CPU
		{C6B9239D-75DB-487F-AFCF-E493E58C0FBE}.Release|Any CPU.ActiveCfg = Release|Any CPU
		{C6B9239D-75DB-487F-AFCF-E493E58C0FBE}.Release|Any CPU.Build.0 = Release|Any CPU
	EndGlobalSection
	GlobalSection(SolutionProperties) = preSolution
		HideSolutionNode = FALSE
	EndGlobalSection
	GlobalSection(ExtensibilityGlobals) = postSolution
		SolutionGuid = {8B479FC6-4DE6-49D1-9475-F273B2E184F0}
	EndGlobalSection
EndGlobal
